{
  "name": "react-node-template",
  "version": "0.0.0",
  "lockfileVersion": 2,
  "requires": true,
  "packages": {
    "": {
      "name": "react-node-template",
      "version": "0.0.0",
      "devDependencies": {},
      "engines": {
        "node": ">=12.16.1",
        "npm": ">=6.13.4"
      }
    }
  }
}
